
Microsoft Visual Studio Solution File, Format Version 12.00
# Visual Studio 2013
VisualStudioVersion = 12.0.21005.1
MinimumVisualStudioVersion = 10.0.40219.1
Project("{FAE04EC0-301F-11D3-BF4B-00C04F79EFBC}") = "SinemaSitesi", "SinemaSitesi\SinemaSitesi.csproj", "{029245A3-EEE3-498B-B311-04C7B3048AFE}"
EndProject
Project("{FAE04EC0-301F-11D3-BF4B-00C04F79EFBC}") = "DatabaseBaglanti", "DatabaseBaglanti\DatabaseBaglanti.csproj", "{14CEC96B-A168-4BF9-938D-30433767F2A0}"
EndProject
Global
	GlobalSection(SolutionConfigurationPlatforms) = preSolution
		Debug|Any CPU = Debug|Any CPU
		Release|Any CPU = Release|Any CPU
	EndGlobalSection
	GlobalSection(ProjectConfigurationPlatforms) = postSolution
		{029245A3-EEE3-498B-B311-04C7B3048AFE}.Debug|Any CPU.ActiveCfg = Debug|Any CPU
		{029245A3-EEE3-498B-B311-04C7B3048AFE}.Debug|Any CPU.Build.0 = Debug|Any CPU
		{029245A3-EEE3-498B-B311-04C7B3048AFE}.Release|Any CPU.ActiveCfg = Release|Any CPU
		{029245A3-EEE3-498B-B311-04C7B3048AFE}.Release|Any CPU.Build.0 = Release|Any CPU
		{14CEC96B-A168-4BF9-938D-30433767F2A0}.Debug|Any CPU.ActiveCfg = Debug|Any CPU
		{14CEC96B-A168-4BF9-938D-30433767F2A0}.Debug|Any CPU.Build.0 = Debug|Any CPU
		{14CEC96B-A168-4BF9-938D-30433767F2A0}.Release|Any CPU.ActiveCfg = Release|Any CPU
		{14CEC96B-A168-4BF9-938D-30433767F2A0}.Release|Any CPU.Build.0 = Release|Any CPU
	EndGlobalSection
	GlobalSection(SolutionProperties) = preSolution
		HideSolutionNode = FALSE
	EndGlobalSection
EndGlobal
